github.com/sahrulamriii/goModules v1.0.0 h1:TvTMbKm/2/FuTJYhYb6D7Gj7d7VtgGDdb4mz+Ss+iNE=
github.com/sahrulamriii/goModules v1.0.0/go.mod h1:t/eLneDOCm9lSKpGz3lYNC0gH9x3gTBHcNszMkBgunU=
github.com/sahrulamriii/goModules v1.5.0 h1:wr+3a1/UU3T9Y62eLOgUsoxMi8xWlorj9AXe+9infIY=
github.com/sahrulamriii/goModules v1.5.0/go.mod h1:t/eLneDOCm9lSKpGz3lYNC0gH9x3gTBHcNszMkBgunU=
github.com/sahrulamriii/goModules/v2 v2.2.0 h1:VosM1x16IDE7AYMIf+bnRlwPxNzuwOnpnOF9jvl0o9Y=
github.com/sahrulamriii/goModules/v2 v2.2.0/go.mod h1:eKMaL+dceOy2BMeLKxLVyWFvRuaDnnxDxT/Kztxb5fQ=
